
Microsoft Visual Studio Solution File, Format Version 12.00
# Visual Studio Version 17
VisualStudioVersion = 17.5.002.0
MinimumVisualStudioVersion = 10.0.40219.1
Project("{2150E333-8FDC-42A3-9474-1A3956D46DE8}") = "prepare", "prepare", "{E17AA06B-85D9-4821-A8FB-7725943B96F2}"
EndProject
Project("{9A19103F-16F7-4668-BE54-9A1E7A4F7556}") = "Learning02", "prepare\Learning02\Learning02.csproj", "{4EEA9FC6-2756-451A-892B-957D00997DC7}"
EndProject
Project("{9A19103F-16F7-4668-BE54-9A1E7A4F7556}") = "Learning05", "prepare\Learning05\Learning05.csproj", "{31B2AE3B-40AC-44BA-88B4-7E907342FACF}"
EndProject
Project("{9A19103F-16F7-4668-BE54-9A1E7A4F7556}") = "Learning04", "prepare\Learning04\Learning04.csproj", "{7844DBEE-14C7-43BA-A7AA-44DD74006965}"
EndProject
Project("{9A19103F-16F7-4668-BE54-9A1E7A4F7556}") = "Learning03", "prepare\Learning03\Learning03.csproj", "{8EDC12AB-DC7F-48DD-9585-ADFFBFBD13C0}"
EndProject
Project("{2150E333-8FDC-42A3-9474-1A3956D46DE8}") = "prove", "prove", "{5E198E95-73BF-4255-861F-842365D22208}"
EndProject
Project("{9A19103F-16F7-4668-BE54-9A1E7A4F7556}") = "Develop03", "prove\Develop03\Develop03.csproj", "{D224C111-0BFA-4527-A2D1-C9BF6B379E62}"
EndProject
Project("{9A19103F-16F7-4668-BE54-9A1E7A4F7556}") = "Develop04", "prove\Develop04\Develop04.csproj", "{0E062FEB-94EF-4E15-84E3-7131E9DF6797}"
EndProject
Project("{9A19103F-16F7-4668-BE54-9A1E7A4F7556}") = "Develop05", "prove\Develop05\Develop05.csproj", "{35A018A2-4E9C-49FE-BCF8-87364AEB6E3B}"
EndProject
Project("{9A19103F-16F7-4668-BE54-9A1E7A4F7556}") = "Develop02", "prove\Develop02\Develop02.csproj", "{61CBC894-2B98-4189-8B9A-EA0210F148F1}"
EndProject
Project("{2150E333-8FDC-42A3-9474-1A3956D46DE8}") = "sandbox", "sandbox", "{754DFCED-43D3-449C-AE70-561200BD7A21}"
EndProject
Project("{9A19103F-16F7-4668-BE54-9A1E7A4F7556}") = "Sandbox", "sandbox\Sandbox\Sandbox.csproj", "{53C79E7D-90B7-4CE0-A7A8-9759334D8358}"
EndProject
Project("{2150E333-8FDC-42A3-9474-1A3956D46DE8}") = "final", "final", "{1F72BDE0-B0CD-4AC5-B4CA-607652A9D40A}"
EndProject
Project("{9A19103F-16F7-4668-BE54-9A1E7A4F7556}") = "FinalProject", "final\FinalProject\FinalProject.csproj", "{E22E0CED-6022-454F-AC4B-4A3BA1790465}"
EndProject
Project("{9A19103F-16F7-4668-BE54-9A1E7A4F7556}") = "Foundation1", "final\Foundation1\Foundation1.csproj", "{D57EBADE-36A5-4BB6-8134-2EE718838F63}"
EndProject
Project("{9A19103F-16F7-4668-BE54-9A1E7A4F7556}") = "Foundation4", "final\Foundation4\Foundation4.csproj", "{B9470AD9-BE18-4373-842C-21575475F3F8}"
EndProject
Project("{9A19103F-16F7-4668-BE54-9A1E7A4F7556}") = "Foundation3", "final\Foundation3\Foundation3.csproj", "{F269C7E5-2254-4567-A6BE-8820CF6CC3AD}"
EndProject
Project("{9A19103F-16F7-4668-BE54-9A1E7A4F7556}") = "Foundation2", "final\Foundation2\Foundation2.csproj", "{610831C2-E38F-4B97-9857-A9C9FF224688}"
EndProject
Project("{2150E333-8FDC-42A3-9474-1A3956D46DE8}") = "csharp-prep", "csharp-prep", "{698C6C93-4103-4285-ABCB-6947EF6D05E4}"
EndProject
Project("{9A19103F-16F7-4668-BE54-9A1E7A4F7556}") = "Prep1", "csharp-prep\Prep1\Prep1.csproj", "{AB3008E8-3721-4510-95A3-9CAA3D7459B2}"
EndProject
Project("{9A19103F-16F7-4668-BE54-9A1E7A4F7556}") = "Prep5", "csharp-prep\Prep5\Prep5.csproj", "{54219230-3862-4A45-A20F-DF30D5684E0D}"
EndProject
Project("{9A19103F-16F7-4668-BE54-9A1E7A4F7556}") = "Prep2", "csharp-prep\Prep2\Prep2.csproj", "{433ECC7C-06BF-490A-B209-00A51D6B1C45}"
EndProject
Project("{9A19103F-16F7-4668-BE54-9A1E7A4F7556}") = "Prep3", "csharp-prep\Prep3\Prep3.csproj", "{530C34E7-9F72-4A69-8C96-4AC30AC7BCBB}"
EndProject
Project("{9A19103F-16F7-4668-BE54-9A1E7A4F7556}") = "Prep4", "csharp-prep\Prep4\Prep4.csproj", "{4ABA8DDC-D0A8-442F-A037-5B9149CB6A04}"
EndProject
Global
	GlobalSection(SolutionConfigurationPlatforms) = preSolution
		Debug|Any CPU = Debug|Any CPU
		Release|Any CPU = Release|Any CPU
	EndGlobalSection
	GlobalSection(ProjectConfigurationPlatforms) = postSolution
		{4EEA9FC6-2756-451A-892B-957D00997DC7}.Debug|Any CPU.ActiveCfg = Debug|Any CPU
		{4EEA9FC6-2756-451A-892B-957D00997DC7}.Debug|Any CPU.Build.0 = Debug|Any CPU
		{4EEA9FC6-2756-451A-892B-957D00997DC7}.Release|Any CPU.ActiveCfg = Release|Any CPU
		{4EEA9FC6-2756-451A-892B-957D00997DC7}.Release|Any CPU.Build.0 = Release|Any CPU
		{31B2AE3B-40AC-44BA-88B4-7E907342FACF}.Debug|Any CPU.ActiveCfg = Debug|Any CPU
		{31B2AE3B-40AC-44BA-88B4-7E907342FACF}.Debug|Any CPU.Build.0 = Debug|Any CPU
		{31B2AE3B-40AC-44BA-88B4-7E907342FACF}.Release|Any CPU.ActiveCfg = Release|Any CPU
		{31B2AE3B-40AC-44BA-88B4-7E907342FACF}.Release|Any CPU.Build.0 = Release|Any CPU
		{7844DBEE-14C7-43BA-A7AA-44DD74006965}.Debug|Any CPU.ActiveCfg = Debug|Any CPU
		{7844DBEE-14C7-43BA-A7AA-44DD74006965}.Debug|Any CPU.Build.0 = Debug|Any CPU
		{7844DBEE-14C7-43BA-A7AA-44DD74006965}.Release|Any CPU.ActiveCfg = Release|Any CPU
		{7844DBEE-14C7-43BA-A7AA-44DD74006965}.Release|Any CPU.Build.0 = Release|Any CPU
		{8EDC12AB-DC7F-48DD-9585-ADFFBFBD13C0}.Debug|Any CPU.ActiveCfg = Debug|Any CPU
		{8EDC12AB-DC7F-48DD-9585-ADFFBFBD13C0}.Debug|Any CPU.Build.0 = Debug|Any CPU
		{8EDC12AB-DC7F-48DD-9585-ADFFBFBD13C0}.Release|Any CPU.ActiveCfg = Release|Any CPU
		{8EDC12AB-DC7F-48DD-9585-ADFFBFBD13C0}.Release|Any CPU.Build.0 = Release|Any CPU
		{D224C111-0BFA-4527-A2D1-C9BF6B379E62}.Debug|Any CPU.ActiveCfg = Debug|Any CPU
		{D224C111-0BFA-4527-A2D1-C9BF6B379E62}.Debug|Any CPU.Build.0 = Debug|Any CPU
		{D224C111-0BFA-4527-A2D1-C9BF6B379E62}.Release|Any CPU.ActiveCfg = Release|Any CPU
		{D224C111-0BFA-4527-A2D1-C9BF6B379E62}.Release|Any CPU.Build.0 = Release|Any CPU
		{0E062FEB-94EF-4E15-84E3-7131E9DF6797}.Debug|Any CPU.ActiveCfg = Debug|Any CPU
		{0E062FEB-94EF-4E15-84E3-7131E9DF6797}.Debug|Any CPU.Build.0 = Debug|Any CPU
		{0E062FEB-94EF-4E15-84E3-7131E9DF6797}.Release|Any CPU.ActiveCfg = Release|Any CPU
		{0E062FEB-94EF-4E15-84E3-7131E9DF6797}.Release|Any CPU.Build.0 = Release|Any CPU
		{35A018A2-4E9C-49FE-BCF8-87364AEB6E3B}.Debug|Any CPU.ActiveCfg = Debug|Any CPU
		{35A018A2-4E9C-49FE-BCF8-87364AEB6E3B}.Debug|Any CPU.Build.0 = Debug|Any CPU
		{35A018A2-4E9C-49FE-BCF8-87364AEB6E3B}.Release|Any CPU.ActiveCfg = Release|Any CPU
		{35A018A2-4E9C-49FE-BCF8-87364AEB6E3B}.Release|Any CPU.Build.0 = Release|Any CPU
		{61CBC894-2B98-4189-8B9A-EA0210F148F1}.Debug|Any CPU.ActiveCfg = Debug|Any CPU
		{61CBC894-2B98-4189-8B9A-EA0210F148F1}.Debug|Any CPU.Build.0 = Debug|Any CPU
		{61CBC894-2B98-4189-8B9A-EA0210F148F1}.Release|Any CPU.ActiveCfg = Release|Any CPU
		{61CBC894-2B98-4189-8B9A-EA0210F148F1}.Release|Any CPU.Build.0 = Release|Any CPU
		{53C79E7D-90B7-4CE0-A7A8-9759334D8358}.Debug|Any CPU.ActiveCfg = Debug|Any CPU
		{53C79E7D-90B7-4CE0-A7A8-9759334D8358}.Debug|Any CPU.Build.0 = Debug|Any CPU
		{53C79E7D-90B7-4CE0-A7A8-9759334D8358}.Release|Any CPU.ActiveCfg = Release|Any CPU
		{53C79E7D-90B7-4CE0-A7A8-9759334D8358}.Release|Any CPU.Build.0 = Release|Any CPU
		{E22E0CED-6022-454F-AC4B-4A3BA1790465}.Debug|Any CPU.ActiveCfg = Debug|Any CPU
		{E22E0CED-6022-454F-AC4B-4A3BA1790465}.Debug|Any CPU.Build.0 = Debug|Any CPU
		{E22E0CED-6022-454F-AC4B-4A3BA1790465}.Release|Any CPU.ActiveCfg = Release|Any CPU
		{E22E0CED-6022-454F-AC4B-4A3BA1790465}.Release|Any CPU.Build.0 = Release|Any CPU
		{D57EBADE-36A5-4BB6-8134-2EE718838F63}.Debug|Any CPU.ActiveCfg = Debug|Any CPU
		{D57EBADE-36A5-4BB6-8134-2EE718838F63}.Debug|Any CPU.Build.0 = Debug|Any CPU
		{D57EBADE-36A5-4BB6-8134-2EE718838F63}.Release|Any CPU.ActiveCfg = Release|Any CPU
		{D57EBADE-36A5-4BB6-8134-2EE718838F63}.Release|Any CPU.Build.0 = Release|Any CPU
		{B9470AD9-BE18-4373-842C-21575475F3F8}.Debug|Any CPU.ActiveCfg = Debug|Any CPU
		{B9470AD9-BE18-4373-842C-21575475F3F8}.Debug|Any CPU.Build.0 = Debug|Any CPU
		{B9470AD9-BE18-4373-842C-21575475F3F8}.Release|Any CPU.ActiveCfg = Release|Any CPU
		{B9470AD9-BE18-4373-842C-21575475F3F8}.Release|Any CPU.Build.0 = Release|Any CPU
		{F269C7E5-2254-4567-A6BE-8820CF6CC3AD}.Debug|Any CPU.ActiveCfg = Debug|Any CPU
		{F269C7E5-2254-4567-A6BE-8820CF6CC3AD}.Debug|Any CPU.Build.0 = Debug|Any CPU
		{F269C7E5-2254-4567-A6BE-8820CF6CC3AD}.Release|Any CPU.ActiveCfg = Release|Any CPU
		{F269C7E5-2254-4567-A6BE-8820CF6CC3AD}.Release|Any CPU.Build.0 = Release|Any CPU
		{610831C2-E38F-4B97-9857-A9C9FF224688}.Debug|Any CPU.ActiveCfg = Debug|Any CPU
		{610831C2-E38F-4B97-9857-A9C9FF224688}.Debug|Any CPU.Build.0 = Debug|Any CPU
		{610831C2-E38F-4B97-9857-A9C9FF224688}.Release|Any CPU.ActiveCfg = Release|Any CPU
		{610831C2-E38F-4B97-9857-A9C9FF224688}.Release|Any CPU.Build.0 = Release|Any CPU
		{AB3008E8-3721-4510-95A3-9CAA3D7459B2}.Debug|Any CPU.ActiveCfg = Debug|Any CPU
		{AB3008E8-3721-4510-95A3-9CAA3D7459B2}.Debug|Any CPU.Build.0 = Debug|Any CPU
		{AB3008E8-3721-4510-95A3-9CAA3D7459B2}.Release|Any CPU.ActiveCfg = Release|Any CPU
		{AB3008E8-3721-4510-95A3-9CAA3D7459B2}.Release|Any CPU.Build.0 = Release|Any CPU
		{54219230-3862-4A45-A20F-DF30D5684E0D}.Debug|Any CPU.ActiveCfg = Debug|Any CPU
		{54219230-3862-4A45-A20F-DF30D5684E0D}.Debug|Any CPU.Build.0 = Debug|Any CPU
		{54219230-3862-4A45-A20F-DF30D5684E0D}.Release|Any CPU.ActiveCfg = Release|Any CPU
		{54219230-3862-4A45-A20F-DF30D5684E0D}.Release|Any CPU.Build.0 = Release|Any CPU
		{433ECC7C-06BF-490A-B209-00A51D6B1C45}.Debug|Any CPU.ActiveCfg = Debug|Any CPU
		{433ECC7C-06BF-490A-B209-00A51D6B1C45}.Debug|Any CPU.Build.0 = Debug|Any CPU
		{433ECC7C-06BF-490A-B209-00A51D6B1C45}.Release|Any CPU.ActiveCfg = Release|Any CPU
		{433ECC7C-06BF-490A-B209-00A51D6B1C45}.Release|Any CPU.Build.0 = Release|Any CPU
		{530C34E7-9F72-4A69-8C96-4AC30AC7BCBB}.Debug|Any CPU.ActiveCfg = Debug|Any CPU
		{530C34E7-9F72-4A69-8C96-4AC30AC7BCBB}.Debug|Any CPU.Build.0 = Debug|Any CPU
		{530C34E7-9F72-4A69-8C96-4AC30AC7BCBB}.Release|Any CPU.ActiveCfg = Release|Any CPU
		{530C34E7-9F72-4A69-8C96-4AC30AC7BCBB}.Release|Any CPU.Build.0 = Release|Any CPU
		{4ABA8DDC-D0A8-442F-A037-5B9149CB6A04}.Debug|Any CPU.ActiveCfg = Debug|Any CPU
		{4ABA8DDC-D0A8-442F-A037-5B9149CB6A04}.Debug|Any CPU.Build.0 = Debug|Any CPU
		{4ABA8DDC-D0A8-442F-A037-5B9149CB6A04}.Release|Any CPU.ActiveCfg = Release|Any CPU
		{4ABA8DDC-D0A8-442F-A037-5B9149CB6A04}.Release|Any CPU.Build.0 = Release|Any CPU
	EndGlobalSection
	GlobalSection(SolutionProperties) = preSolution
		HideSolutionNode = FALSE
	EndGlobalSection
	GlobalSection(NestedProjects) = preSolution
		{4EEA9FC6-2756-451A-892B-957D00997DC7} = {E17AA06B-85D9-4821-A8FB-7725943B96F2}
		{31B2AE3B-40AC-44BA-88B4-7E907342FACF} = {E17AA06B-85D9-4821-A8FB-7725943B96F2}
		{7844DBEE-14C7-43BA-A7AA-44DD74006965} = {E17AA06B-85D9-4821-A8FB-7725943B96F2}
		{8EDC12AB-DC7F-48DD-9585-ADFFBFBD13C0} = {E17AA06B-85D9-4821-A8FB-7725943B96F2}
		{D224C111-0BFA-4527-A2D1-C9BF6B379E62} = {5E198E95-73BF-4255-861F-842365D22208}
		{0E062FEB-94EF-4E15-84E3-7131E9DF6797} = {5E198E95-73BF-4255-861F-842365D22208}
		{35A018A2-4E9C-49FE-BCF8-87364AEB6E3B} = {5E198E95-73BF-4255-861F-842365D22208}
		{61CBC894-2B98-4189-8B9A-EA0210F148F1} = {5E198E95-73BF-4255-861F-842365D22208}
		{53C79E7D-90B7-4CE0-A7A8-9759334D8358} = {754DFCED-43D3-449C-AE70-561200BD7A21}
		{E22E0CED-6022-454F-AC4B-4A3BA1790465} = {1F72BDE0-B0CD-4AC5-B4CA-607652A9D40A}
		{D57EBADE-36A5-4BB6-8134-2EE718838F63} = {1F72BDE0-B0CD-4AC5-B4CA-607652A9D40A}
		{B9470AD9-BE18-4373-842C-21575475F3F8} = {1F72BDE0-B0CD-4AC5-B4CA-607652A9D40A}
		{F269C7E5-2254-4567-A6BE-8820CF6CC3AD} = {1F72BDE0-B0CD-4AC5-B4CA-607652A9D40A}
		{610831C2-E38F-4B97-9857-A9C9FF224688} = {1F72BDE0-B0CD-4AC5-B4CA-607652A9D40A}
		{AB3008E8-3721-4510-95A3-9CAA3D7459B2} = {698C6C93-4103-4285-ABCB-6947EF6D05E4}
		{54219230-3862-4A45-A20F-DF30D5684E0D} = {698C6C93-4103-4285-ABCB-6947EF6D05E4}
		{433ECC7C-06BF-490A-B209-00A51D6B1C45} = {698C6C93-4103-4285-ABCB-6947EF6D05E4}
		{530C34E7-9F72-4A69-8C96-4AC30AC7BCBB} = {698C6C93-4103-4285-ABCB-6947EF6D05E4}
		{4ABA8DDC-D0A8-442F-A037-5B9149CB6A04} = {698C6C93-4103-4285-ABCB-6947EF6D05E4}
	EndGlobalSection
	GlobalSection(ExtensibilityGlobals) = postSolution
		SolutionGuid = {D74DA6C5-A004-4D83-A15B-4EC6D509C802}
	EndGlobalSection
EndGlobal
